// !$*UTF8*$!
{
	archiveVersion = 1;
	classes = {
	};
	objectVersion = 46;
	objects = {

/* Begin PBXBuildFile section */
		4C5CB18FE7147E22F5AB0213 /* Pods_PMusic.framework in Frameworks */ = {isa = PBXBuildFile; fileRef = DD91DE94F2CB319144BBABEA /* Pods_PMusic.framework */; };
		CB2970231C2F9FFF00581974 /* PlayViewController.swift in Sources */ = {isa = PBXBuildFile; fileRef = CB2970221C2F9FFF00581974 /* PlayViewController.swift */; };
		CB297EB51C09C6490048F08E /* AppDelegate.swift in Sources */ = {isa = PBXBuildFile; fileRef = CB297EB41C09C6490048F08E /* AppDelegate.swift */; };
		CB297EB71C09C6490048F08E /* ViewController.swift in Sources */ = {isa = PBXBuildFile; fileRef = CB297EB61C09C6490048F08E /* ViewController.swift */; };
		CB297EBA1C09C6490048F08E /* Main.storyboard in Resources */ = {isa = PBXBuildFile; fileRef = CB297EB81C09C6490048F08E /* Main.storyboard */; };
		CB297EBC1C09C6490048F08E /* Assets.xcassets in Resources */ = {isa = PBXBuildFile; fileRef = CB297EBB1C09C6490048F08E /* Assets.xcassets */; };
		CB297EBF1C09C6490048F08E /* LaunchScreen.storyboard in Resources */ = {isa = PBXBuildFile; fileRef = CB297EBD1C09C6490048F08E /* LaunchScreen.storyboard */; };
		CB297ECE1C09E8450048F08E /* Music.swift in Sources */ = {isa = PBXBuildFile; fileRef = CB297ECD1C09E8450048F08E /* Music.swift */; };
		CBBDCF641C101C4A0052AC9F /* NetworkKit.swift in Sources */ = {isa = PBXBuildFile; fileRef = CBBDCF631C101C4A0052AC9F /* NetworkKit.swift */; };
		CBBDCF671C101E040052AC9F /* MusicManager.swift in Sources */ = {isa = PBXBuildFile; fileRef = CBBDCF661C101E040052AC9F /* MusicManager.swift */; };
/* End PBXBuildFile section */

/* Begin PBXCopyFilesBuildPhase section */
		CB297ECC1C09C85C0048F08E /* Embed Frameworks */ = {
			isa = PBXCopyFilesBuildPhase;
			buildActionMask = 2147483647;
			dstPath = "";
			dstSubfolderSpec = 10;
			files = (
			);
			name = "Embed Frameworks";
			runOnlyForDeploymentPostprocessing = 0;
		};
/* End PBXCopyFilesBuildPhase section */

/* Begin PBXFileReference section */
		6CD97C6678919A737655FA65 /* Pods-PMusic.release.xcconfig */ = {isa = PBXFileReference; includeInIndex = 1; lastKnownFileType = text.xcconfig; name = "Pods-PMusic.release.xcconfig"; path = "Pods/Target Support Files/Pods-PMusic/Pods-PMusic.release.xcconfig"; sourceTree = "<group>"; };
		CB2970221C2F9FFF00581974 /* PlayViewController.swift */ = {isa = PBXFileReference; fileEncoding = 4; lastKnownFileType = sourcecode.swift; path = PlayViewController.swift; sourceTree = "<group>"; };
		CB297EB11C09C6490048F08E /* PMusic.app */ = {isa = PBXFileReference; explicitFileType = wrapper.application; includeInIndex = 0; path = PMusic.app; sourceTree = BUILT_PRODUCTS_DIR; };
		CB297EB41C09C6490048F08E /* AppDelegate.swift */ = {isa = PBXFileReference; lastKnownFileType = sourcecode.swift; path = AppDelegate.swift; sourceTree = "<group>"; };
		CB297EB61C09C6490048F08E /* ViewController.swift */ = {isa = PBXFileReference; lastKnownFileType = sourcecode.swift; path = ViewController.swift; sourceTree = "<group>"; };
		CB297EB91C09C6490048F08E /* Base */ = {isa = PBXFileReference; lastKnownFileType = file.storyboard; name = Base; path = Base.lproj/Main.storyboard; sourceTree = "<group>"; };
		CB297EBB1C09C6490048F08E /* Assets.xcassets */ = {isa = PBXFileReference; lastKnownFileType = folder.assetcatalog; path = Assets.xcassets; sourceTree = "<group>"; };
		CB297EBE1C09C6490048F08E /* Base */ = {isa = PBXFileReference; lastKnownFileType = file.storyboard; name = Base; path = Base.lproj/LaunchScreen.storyboard; sourceTree = "<group>"; };
		CB297EC01C09C6490048F08E /* Info.plist */ = {isa = PBXFileReference; lastKnownFileType = text.plist.xml; path = Info.plist; sourceTree = "<group>"; };
		CB297ECD1C09E8450048F08E /* Music.swift */ = {isa = PBXFileReference; fileEncoding = 4; lastKnownFileType = sourcecode.swift; path = Music.swift; sourceTree = "<group>"; };
		CBBDCF631C101C4A0052AC9F /* NetworkKit.swift */ = {isa = PBXFileReference; fileEncoding = 4; lastKnownFileType = sourcecode.swift; path = NetworkKit.swift; sourceTree = "<group>"; };
		CBBDCF661C101E040052AC9F /* MusicManager.swift */ = {isa = PBXFileReference; fileEncoding = 4; lastKnownFileType = sourcecode.swift; path = MusicManager.swift; sourceTree = "<group>"; };
		DD91DE94F2CB319144BBABEA /* Pods_PMusic.framework */ = {isa = PBXFileReference; explicitFileType = wrapper.framework; includeInIndex = 0; path = Pods_PMusic.framework; sourceTree = BUILT_PRODUCTS_DIR; };
		FED5A350D892ADDD26946173 /* Pods-PMusic.debug.xcconfig */ = {isa = PBXFileReference; includeInIndex = 1; lastKnownFileType = text.xcconfig; name = "Pods-PMusic.debug.xcconfig"; path = "Pods/Target Support Files/Pods-PMusic/Pods-PMusic.debug.xcconfig"; sourceTree = "<group>"; };
/* End PBXFileReference section */

/* Begin PBXFrameworksBuildPhase section */
		CB297EAE1C09C6490048F08E /* Frameworks */ = {
			isa = PBXFrameworksBuildPhase;
			buildActionMask = 2147483647;
			files = (
				4C5CB18FE7147E22F5AB0213 /* Pods_PMusic.framework in Frameworks */,
			);
			runOnlyForDeploymentPostprocessing = 0;
		};
/* End PBXFrameworksBuildPhase section */

/* Begin PBXGroup section */
		85DA1AF3A90342F651F713D0 /* Pods */ = {
			isa = PBXGroup;
			children = (
				FED5A350D892ADDD26946173 /* Pods-PMusic.debug.xcconfig */,
				6CD97C6678919A737655FA65 /* Pods-PMusic.release.xcconfig */,
			);
			name = Pods;
			sourceTree = "<group>";
		};
		A1AB44E8F612D8A75485F95A /* Frameworks */ = {
			isa = PBXGroup;
			children = (
				DD91DE94F2CB319144BBABEA /* Pods_PMusic.framework */,
			);
			name = Frameworks;
			sourceTree = "<group>";
		};
		CB297EA81C09C6490048F08E = {
			isa = PBXGroup;
			children = (
				CB297EB31C09C6490048F08E /* PMusic */,
				CB297EB21C09C6490048F08E /* Products */,
				85DA1AF3A90342F651F713D0 /* Pods */,
				A1AB44E8F612D8A75485F95A /* Frameworks */,
			);
			sourceTree = "<group>";
		};
		CB297EB21C09C6490048F08E /* Products */ = {
			isa = PBXGroup;
			children = (
				CB297EB11C09C6490048F08E /* PMusic.app */,
			);
			name = Products;
			sourceTree = "<group>";
		};
		CB297EB31C09C6490048F08E /* PMusic */ = {
			isa = PBXGroup;
			children = (
				CBBDCF651C101C4F0052AC9F /* Network */,
				CBF0D86B1C0BFDF80098111C /* Model */,
				CB297EB41C09C6490048F08E /* AppDelegate.swift */,
				CB297EB61C09C6490048F08E /* ViewController.swift */,
				CB2970221C2F9FFF00581974 /* PlayViewController.swift */,
				CB297EB81C09C6490048F08E /* Main.storyboard */,
				CB297EBB1C09C6490048F08E /* Assets.xcassets */,
				CB297EBD1C09C6490048F08E /* LaunchScreen.storyboard */,
				CB297EC01C09C6490048F08E /* Info.plist */,
			);
			path = PMusic;
			sourceTree = "<group>";
		};
		CBBDCF651C101C4F0052AC9F /* Network */ = {
			isa = PBXGroup;
			children = (
				CBBDCF631C101C4A0052AC9F /* NetworkKit.swift */,
				CBBDCF661C101E040052AC9F /* MusicManager.swift */,
			);
			name = Network;
			sourceTree = "<group>";
		};
		CBF0D86B1C0BFDF80098111C /* Model */ = {
			isa = PBXGroup;
			children = (
				CB297ECD1C09E8450048F08E /* Music.swift */,
			);
			name = Model;
			sourceTree = "<group>";
		};
/* End PBXGroup section */

/* Begin PBXNativeTarget section */
		CB297EB01C09C6490048F08E /* PMusic */ = {
			isa = PBXNativeTarget;
			buildConfigurationList = CB297EC31C09C6490048F08E /* Build configuration list for PBXNativeTarget "PMusic" */;
			buildPhases = (
				6F39CAA85E87B7CDF75CF1BC /* Check Pods Manifest.lock */,
				CB297EAD1C09C6490048F08E /* Sources */,
				CB297EAE1C09C6490048F08E /* Frameworks */,
				CB297EAF1C09C6490048F08E /* Resources */,
				CB297ECC1C09C85C0048F08E /* Embed Frameworks */,
				D36386A30E5082DCB46013CD /* Embed Pods Frameworks */,
				2CE4D1A11BA4C6F66A8BA45E /* Copy Pods Resources */,
			);
			buildRules = (
			);
			dependencies = (
			);
			name = PMusic;
			productName = PMusic;
			productReference = CB297EB11C09C6490048F08E /* PMusic.app */;
			productType = "com.apple.product-type.application";
		};
/* End PBXNativeTarget section */

/* Begin PBXProject section */
		CB297EA91C09C6490048F08E /* Project object */ = {
			isa = PBXProject;
			attributes = {
				LastSwiftUpdateCheck = 0710;
				LastUpgradeCheck = 0710;
				ORGANIZATIONNAME = Yourtion;
				TargetAttributes = {
					CB297EB01C09C6490048F08E = {
						CreatedOnToolsVersion = 7.1.1;
					};
				};
			};
			buildConfigurationList = CB297EAC1C09C6490048F08E /* Build configuration list for PBXProject "PMusic" */;
			compatibilityVersion = "Xcode 3.2";
			developmentRegion = English;
			hasScannedForEncodings = 0;
			knownRegions = (
				en,
				Base,
			);
			mainGroup = CB297EA81C09C6490048F08E;
			productRefGroup = CB297EB21C09C6490048F08E /* Products */;
			projectDirPath = "";
			projectRoot = "";
			targets = (
				CB297EB01C09C6490048F08E /* PMusic */,
			);
		};
/* End PBXProject section */

/* Begin PBXResourcesBuildPhase section */
		CB297EAF1C09C6490048F08E /* Resources */ = {
			isa = PBXResourcesBuildPhase;
			buildActionMask = 2147483647;
			files = (
				CB297EBF1C09C6490048F08E /* LaunchScreen.storyboard in Resources */,
				CB297EBC1C09C6490048F08E /* Assets.xcassets in Resources */,
				CB297EBA1C09C6490048F08E /* Main.storyboard in Resources */,
			);
			runOnlyForDeploymentPostprocessing = 0;
		};
/* End PBXResourcesBuildPhase section */

/* Begin PBXShellScriptBuildPhase section */
		2CE4D1A11BA4C6F66A8BA45E /* Copy Pods Resources */ = {
			isa = PBXShellScriptBuildPhase;
			buildActionMask = 2147483647;
			files = (
			);
			inputPaths = (
			);
			name = "Copy Pods Resources";
			outputPaths = (
			);
			runOnlyForDeploymentPostprocessing = 0;
			shellPath = /bin/sh;
			shellScript = "\"${SRCROOT}/Pods/Target Support Files/Pods-PMusic/Pods-PMusic-resources.sh\"\n";
			showEnvVarsInLog = 0;
		};
		6F39CAA85E87B7CDF75CF1BC /* Check Pods Manifest.lock */ = {
			isa = PBXShellScriptBuildPhase;
			buildActionMask = 2147483647;
			files = (
			);
			inputPaths = (
			);
			name = "Check Pods Manifest.lock";
			outputPaths = (
			);
			runOnlyForDeploymentPostprocessing = 0;
			shellPath = /bin/sh;
			shellScript = "diff \"${PODS_ROOT}/../Podfile.lock\" \"${PODS_ROOT}/Manifest.lock\" > /dev/null\nif [[ $? != 0 ]] ; then\n    cat << EOM\nerror: The sandbox is not in sync with the Podfile.lock. Run 'pod install' or update your CocoaPods installation.\nEOM\n    exit 1\nfi\n";
			showEnvVarsInLog = 0;
		};
		D36386A30E5082DCB46013CD /* Embed Pods Frameworks */ = {
			isa = PBXShellScriptBuildPhase;
			buildActionMask = 2147483647;
			files = (
			);
			inputPaths = (
			);
			name = "Embed Pods Frameworks";
			outputPaths = (
			);
			runOnlyForDeploymentPostprocessing = 0;
			shellPath = /bin/sh;
			shellScript = "\"${SRCROOT}/Pods/Target Support Files/Pods-PMusic/Pods-PMusic-frameworks.sh\"\n";
			showEnvVarsInLog = 0;
		};
/* End PBXShellScriptBuildPhase section */

/* Begin PBXSourcesBuildPhase section */
		CB297EAD1C09C6490048F08E /* Sources */ = {
			isa = PBXSourcesBuildPhase;
			buildActionMask = 2147483647;
			files = (
				CB297EB71C09C6490048F08E /* ViewController.swift in Sources */,
				CBBDCF641C101C4A0052AC9F /* NetworkKit.swift in Sources */,
				CB297EB51C09C6490048F08E /* AppDelegate.swift in Sources */,
				CB297ECE1C09E8450048F08E /* Music.swift in Sources */,
				CB2970231C2F9FFF00581974 /* PlayViewController.swift in Sources */,
				CBBDCF671C101E040052AC9F /* MusicManager.swift in Sources */,
			);
			runOnlyForDeploymentPostprocessing = 0;
		};
/* End PBXSourcesBuildPhase section */

/* Begin PBXVariantGroup section */
		CB297EB81C09C6490048F08E /* Main.storyboard */ = {
			isa = PBXVariantGroup;
			children = (
				CB297EB91C09C6490048F08E /* Base */,
			);
			name = Main.storyboard;
			sourceTree = "<group>";
		};
		CB297EBD1C09C6490048F08E /* LaunchScreen.storyboard */ = {
			isa = PBXVariantGroup;
			children = (
				CB297EBE1C09C6490048F08E /* Base */,
			);
			name = LaunchScreen.storyboard;
			sourceTree = "<group>";
		};
/* End PBXVariantGroup section */

/* Begin XCBuildConfiguration section */
		CB297EC11C09C6490048F08E /* Debug */ = {
			isa = XCBuildConfiguration;
			buildSettings = {
				ALWAYS_SEARCH_USER_PATHS = NO;
				CLANG_CXX_LANGUAGE_STANDARD = "gnu++0x";
				CLANG_CXX_LIBRARY = "libc++";
				CLANG_ENABLE_MODULES = YES;
				CLANG_ENABLE_OBJC_ARC = YES;
				CLANG_WARN_BOOL_CONVERSION = YES;
				CLANG_WARN_CONSTANT_CONVERSION = YES;
				CLANG_WARN_DIRECT_OBJC_ISA_USAGE = YES_ERROR;
				CLANG_WARN_EMPTY_BODY = YES;
				CLANG_WARN_ENUM_CONVERSION = YES;
				CLANG_WARN_INT_CONVERSION = YES;
				CLANG_WARN_OBJC_ROOT_CLASS = YES_ERROR;
				CLANG_WARN_UNREACHABLE_CODE = YES;
				CLANG_WARN__DUPLICATE_METHOD_MATCH = YES;
				"CODE_SIGN_IDENTITY[sdk=iphoneos*]" = "iPhone Developer";
				COPY_PHASE_STRIP = NO;
				DEBUG_INFORMATION_FORMAT = dwarf;
				ENABLE_STRICT_OBJC_MSGSEND = YES;
				ENABLE_TESTABILITY = YES;
				GCC_C_LANGUAGE_STANDARD = gnu99;
				GCC_DYNAMIC_NO_PIC = NO;
				GCC_NO_COMMON_BLOCKS = YES;
				GCC_OPTIMIZATION_LEVEL = 0;
				GCC_PREPROCESSOR_DEFINITIONS = (
					"DEBUG=1",
					"$(inherited)",
				);
				GCC_WARN_64_TO_32_BIT_CONVERSION = YES;
				GCC_WARN_ABOUT_RETURN_TYPE = YES_ERROR;
				GCC_WARN_UNDECLARED_SELECTOR = YES;
				GCC_WARN_UNINITIALIZED_AUTOS = YES_AGGRESSIVE;
				GCC_WARN_UNUSED_FUNCTION = YES;
				GCC_WARN_UNUSED_VARIABLE = YES;
				IPHONEOS_DEPLOYMENT_TARGET = 9.1;
				MTL_ENABLE_DEBUG_INFO = YES;
				ONLY_ACTIVE_ARCH = YES;
				SDKROOT = iphoneos;
				SWIFT_OPTIMIZATION_LEVEL = "-Onone";
			};
			name = Debug;
		};
		CB297EC21C09C6490048F08E /* Release */ = {
			isa = XCBuildConfiguration;
			buildSettings = {
				ALWAYS_SEARCH_USER_PATHS = NO;
				CLANG_CXX_LANGUAGE_STANDARD = "gnu++0x";
				CLANG_CXX_LIBRARY = "libc++";
				CLANG_ENABLE_MODULES = YES;
				CLANG_ENABLE_OBJC_ARC = YES;
				CLANG_WARN_BOOL_CONVERSION = YES;
				CLANG_WARN_CONSTANT_CONVERSION = YES;
				CLANG_WARN_DIRECT_OBJC_ISA_USAGE = YES_ERROR;
				CLANG_WARN_EMPTY_BODY = YES;
				CLANG_WARN_ENUM_CONVERSION = YES;
				CLANG_WARN_INT_CONVERSION = YES;
				CLANG_WARN_OBJC_ROOT_CLASS = YES_ERROR;
				CLANG_WARN_UNREACHABLE_CODE = YES;
				CLANG_WARN__DUPLICATE_METHOD_MATCH = YES;
				"CODE_SIGN_IDENTITY[sdk=iphoneos*]" = "iPhone Developer";
				COPY_PHASE_STRIP = NO;
				DEBUG_INFORMATION_FORMAT = "dwarf-with-dsym";
				ENABLE_NS_ASSERTIONS = NO;
				ENABLE_STRICT_OBJC_MSGSEND = YES;
				GCC_C_LANGUAGE_STANDARD = gnu99;
				GCC_NO_COMMON_BLOCKS = YES;
				GCC_WARN_64_TO_32_BIT_CONVERSION = YES;
				GCC_WARN_ABOUT_RETURN_TYPE = YES_ERROR;
				GCC_WARN_UNDECLARED_SELECTOR = YES;
				GCC_WARN_UNINITIALIZED_AUTOS = YES_AGGRESSIVE;
				GCC_WARN_UNUSED_FUNCTION = YES;
				GCC_WARN_UNUSED_VARIABLE = YES;
				IPHONEOS_DEPLOYMENT_TARGET = 9.1;
				MTL_ENABLE_DEBUG_INFO = NO;
				SDKROOT = iphoneos;
				VALIDATE_PRODUCT = YES;
			};
			name = Release;
		};
		CB297EC41C09C6490048F08E /* Debug */ = {
			isa = XCBuildConfiguration;
			baseConfigurationReference = FED5A350D892ADDD26946173 /* Pods-PMusic.debug.xcconfig */;
			buildSettings = {
				ASSETCATALOG_COMPILER_APPICON_NAME = AppIcon;
				FRAMEWORK_SEARCH_PATHS = (
					"$(inherited)",
					"$(PROJECT_DIR)/Carthage/Build/iOS",
				);
				INFOPLIST_FILE = PMusic/Info.plist;
				LD_RUNPATH_SEARCH_PATHS = "$(inherited) @executable_path/Frameworks";
				PRODUCT_BUNDLE_IDENTIFIER = com.yourtion.PMusic;
				PRODUCT_NAME = "$(TARGET_NAME)";
			};
			name = Debug;
		};
		CB297EC51C09C6490048F08E /* Release */ = {
			isa = XCBuildConfiguration;
			baseConfigurationReference = 6CD97C6678919A737655FA65 /* Pods-PMusic.release.xcconfig */;
			buildSettings = {
				ASSETCATALOG_COMPILER_APPICON_NAME = AppIcon;
				FRAMEWORK_SEARCH_PATHS = (
					"$(inherited)",
					"$(PROJECT_DIR)/Carthage/Build/iOS",
				);
				INFOPLIST_FILE = PMusic/Info.plist;
				LD_RUNPATH_SEARCH_PATHS = "$(inherited) @executable_path/Frameworks";
				PRODUCT_BUNDLE_IDENTIFIER = com.yourtion.PMusic;
				PRODUCT_NAME = "$(TARGET_NAME)";
			};
			name = Release;
		};
/* End XCBuildConfiguration section */

/* Begin XCConfigurationList section */
		CB297EAC1C09C6490048F08E /* Build configuration list for PBXProject "PMusic" */ = {
			isa = XCConfigurationList;
			buildConfigurations = (
				CB297EC11C09C6490048F08E /* Debug */,
				CB297EC21C09C6490048F08E /* Release */,
			);
			defaultConfigurationIsVisible = 0;
			defaultConfigurationName = Release;
		};
		CB297EC31C09C6490048F08E /* Build configuration list for PBXNativeTarget "PMusic" */ = {
			isa = XCConfigurationList;
			buildConfigurations = (
				CB297EC41C09C6490048F08E /* Debug */,
				CB297EC51C09C6490048F08E /* Release */,
			);
			defaultConfigurationIsVisible = 0;
			defaultConfigurationName = Release;
		};
/* End XCConfigurationList section */
	};
	rootObject = CB297EA91C09C6490048F08E /* Project object */;
}
